# This file is machine-generated by `gh actions-lock`.
# Do not edit by hand; run `gh actions-lock` to update.
# Docs: https://gh.io/actions-lockfile
version: 'v0.0.2'
workflows:
    '.github/workflows/boj-build.yml':
        - 'actions/checkout@v7.0.1'
    '.github/workflows/codeql.yml':
        - 'actions/checkout@v7.0.1'
        - 'github/codeql-action@v4.37.8'
    '.github/workflows/container-build.yml':
        - 'actions/checkout@v7.0.1'
    '.github/workflows/dependabot-automerge.yml':
        - 'dependabot/fetch-metadata@v3.1.0'
    '.github/workflows/dogfood-gate.yml':
        - 'actions/checkout@v7.0.1'
    '.github/workflows/e2e.yml':
        - 'actions/checkout@v7.0.1'
        - 'dtolnay/rust-toolchain@master'
        - 'mlugg/setup-zig@v2.2.1'
    '.github/workflows/estate-rules.yml':
        - 'actions/checkout@v7.0.1'
    '.github/workflows/governance.yml': []
    '.github/workflows/guix-policy.yml':
        - 'actions/checkout@v7.0.1'
    '.github/workflows/hypatia-scan.yml': []
    '.github/workflows/label-triage.yml': []
    '.github/workflows/labels.yml': []
    '.github/workflows/mirror.yml': []
    '.github/workflows/oikosbot.yml':
        - 'actions/checkout@v7.0.1'
        - 'github/codeql-action@v4.37.8'
        - 'hyperpolymath/oikosbot@v0.1.1'
    '.github/workflows/openssf-compliance.yml':
        - 'actions/checkout@v7.0.1'
    '.github/workflows/pages.yml':
        - 'actions/checkout@v7.0.1'
        - 'actions/configure-pages@v6.0.0'
        - 'actions/deploy-pages@v5.0.0'
        - 'actions/upload-pages-artifact@v5.0.0'
    '.github/workflows/quality.yml':
        - 'actions/checkout@v7.0.1'
        - 'editorconfig-checker/action-editorconfig-checker@v2.2.0'
    '.github/workflows/release.yml':
        - 'actions/attest-build-provenance@v4.2.2'
        - 'actions/checkout@v7.0.1'
        - 'actions/upload-artifact@v7.0.1'
        - 'softprops/action-gh-release@v3.0.2'
    '.github/workflows/rhodibot.yml':
        - 'actions/checkout@v7.0.1'
    '.github/workflows/runtime-policy.yml':
        - 'actions/checkout@v7.0.1'
    '.github/workflows/rust-ci.yml':
        - 'actions/checkout@v7.0.1'
        - 'dtolnay/rust-toolchain@master'
        - 'mlugg/setup-zig@v2.2.1'
    '.github/workflows/scorecard.yml': []
    '.github/workflows/secret-scanner.yml': []
    '.github/workflows/security-policy.yml':
        - 'actions/checkout@v7.0.1'
    '.github/workflows/static-analysis-gate.yml':
        - 'actions/checkout@v7.0.1'
        - 'actions/download-artifact@v8.0.1'
        - 'actions/upload-artifact@v7.0.1'
        - 'erlef/setup-beam@v1.24.1'
    '.github/workflows/wellknown-enforcement.yml':
        - 'actions/checkout@v7.0.1'
    '.github/workflows/workflow-linter.yml':
        - 'actions/checkout@v7.0.1'
dependencies:
    'actions/attest-build-provenance@v4.2.2':
        ref: 'v4.2.2'
        commit: 'sha1-4d101475d8b20a2381f78447822ac1eab6504dd8'
        owner_id: 44036562
        repo_id: 760702757
        uses:
            - 'actions/attest@508db95dd578ae2727ebd6217d5ba78e4fbda05d'
    'actions/attest@508db95dd578ae2727ebd6217d5ba78e4fbda05d':
        ref: 'v4.2.1'
        commit: 'sha1-508db95dd578ae2727ebd6217d5ba78e4fbda05d'
        owner_id: 44036562
        repo_id: 760701061
    'actions/checkout@v7.0.1':
        ref: 'v7.0.1'
        commit: 'sha1-3d3c42e5aac5ba805825da76410c181273ba90b1'
        owner_id: 44036562
        repo_id: 197814629
    'actions/configure-pages@v6.0.0':
        ref: 'v6.0.0'
        commit: 'sha1-45bfe0192ca1faeb007ade9deae92b16b8254a0d'
        owner_id: 44036562
        repo_id: 513659658
    'actions/deploy-pages@v5.0.0':
        ref: 'v5.0.0'
        commit: 'sha1-cd2ce8fcbc39b97be8ca5fce6e763baed58fa128'
        owner_id: 44036562
        repo_id: 438112499
    'actions/download-artifact@v8.0.1':
        ref: 'v8.0.1'
        commit: 'sha1-3e5f45b2cfb9172054b4087a40e8e0b5a5461e7c'
        owner_id: 44036562
        repo_id: 192626254
    'actions/upload-artifact@bbbca2ddaa5d8feaa63e36b76fdaad77386f024f':
        ref: 'v7.0.0'
        commit: 'sha1-bbbca2ddaa5d8feaa63e36b76fdaad77386f024f'
        owner_id: 44036562
        repo_id: 192625955
    'actions/upload-artifact@v7.0.1':
        ref: 'v7.0.1'
        commit: 'sha1-043fb46d1a93c77aae656e7c1c64a875d1fc6a0a'
        owner_id: 44036562
        repo_id: 192625955
    'actions/upload-pages-artifact@v5.0.0':
        ref: 'v5.0.0'
        commit: 'sha1-fc324d3547104276b827a68afc52ff2a11cc49c9'
        owner_id: 44036562
        repo_id: 496012378
        uses:
            - 'actions/upload-artifact@bbbca2ddaa5d8feaa63e36b76fdaad77386f024f'
    'dependabot/fetch-metadata@v3.1.0':
        ref: 'v3.1.0'
        commit: 'sha1-25dd0e34f4fe68f24cc83900b1fe3fe149efef98'
        owner_id: 27347476
        repo_id: 371068214
    'dtolnay/rust-toolchain@master':
        ref: 'master'
        commit: 'sha1-6c977a6ca4077a0ceb28ffbe03f59d46e9ac8772'
        owner_id: 1940490
        repo_id: 260749683
    'editorconfig-checker/action-editorconfig-checker@v2.2.0':
        ref: 'v2.2.0'
        commit: 'sha1-840e866d93b8e032123c23bac69dece044d4d84c'
        owner_id: 26415196
        repo_id: 297874902
    'erlef/setup-beam@v1.24.1':
        ref: 'v1.24.1'
        commit: 'sha1-54075bcc5e249e4758d363f27d099f55d843f124'
        owner_id: 47606891
        repo_id: 331103973
    'github/codeql-action@v4.37.8':
        ref: 'v4.37.8'
        commit: 'sha1-db488ddef3bf6cb639b32c2e9a7c0a7ea8271d28'
        owner_id: 9919
        repo_id: 259445878
    'hyperpolymath/oikosbot@v0.1.1':
        ref: 'v0.1.1'
        commit: 'sha1-f00dec4597dde6071a7f0fe38414c13b5847f316'
        owner_id: 6759885
        repo_id: 1274526902
    'mlugg/setup-zig@v2.2.1':
        ref: 'v2.2.1'
        commit: 'sha1-d1434d08867e3ee9daa34448df10607b98908d29'
        owner_id: 7289241
        repo_id: 812112570
    'softprops/action-gh-release@v3.0.2':
        ref: 'v3.0.2'
        commit: 'sha1-3d0d9888cb7fd7b750713d6e236d1fcb99157228'
        owner_id: 2242
        repo_id: 204253808
